<?xml version="1.0" encoding="utf-8"?>
<Project ToolsVersion="4.0" xmlns="http://schemas.microsoft.com/developer/msbuild/2003">
  <ItemGroup>
    <Filter Include="Scene">
      <UniqueIdentifier>{c30e6dff-b0d3-4fc2-8728-12ac32466eae}</UniqueIdentifier>
    </Filter>
    <Filter Include="Main">
      <UniqueIdentifier>{2c299fb0-8911-4eba-8cc6-1e32b6bca545}</UniqueIdentifier>
    </Filter>
    <Filter Include="Game">
      <UniqueIdentifier>{4b93934a-635e-4427-8694-474b31bbf4af}</UniqueIdentifier>
    </Filter>
    <Filter Include="etc">
      <UniqueIdentifier>{285fef6e-8e30-47ae-b66e-1619f14de42b}</UniqueIdentifier>
    </Filter>
    <Filter Include="Load">
      <UniqueIdentifier>{a1621ec8-d0c5-49f8-b23e-b3389438e542}</UniqueIdentifier>
    </Filter>
    <Filter Include="Touch">
      <UniqueIdentifier>{1c63e7a2-66f8-42f6-841a-dd6dac84c22f}</UniqueIdentifier>
    </Filter>
    <Filter Include="Charactor">
      <UniqueIdentifier>{496d95fb-cfef-4c27-bec5-aac10bac7c13}</UniqueIdentifier>
    </Filter>
    <Filter Include="Charactor\Player">
      <UniqueIdentifier>{fe388f3e-6d6a-4674-b5ca-9a15f329147e}</UniqueIdentifier>
    </Filter>
  </ItemGroup>
  <ItemGroup>
    <ClCompile Include="Main.cpp">
      <Filter>Main</Filter>
    </ClCompile>
    <ClCompile Include="Game\Game.cpp">
      <Filter>Game</Filter>
    </ClCompile>
    <ClCompile Include="Scene\Title.cpp">
      <Filter>Scene</Filter>
    </ClCompile>
    <ClCompile Include="Load\Loader.cpp">
      <Filter>Load</Filter>
    </ClCompile>
    <ClCompile Include="Touch\Touch.cpp">
      <Filter>Touch</Filter>
    </ClCompile>
    <ClCompile Include="Scene\Play.cpp">
      <Filter>Scene</Filter>
    </ClCompile>
    <ClCompile Include="Charactor\Obj.cpp">
      <Filter>Charactor</Filter>
    </ClCompile>
    <ClCompile Include="Charactor\Player\Player.cpp">
      <Filter>Charactor\Player</Filter>
    </ClCompile>
    <ClCompile Include="Scene\Scene.cpp">
      <Filter>Scene</Filter>
    </ClCompile>
    <ClCompile Include="Scene\Description.cpp">
      <Filter>Scene</Filter>
    </ClCompile>
    <ClCompile Include="Scene\Over.cpp">
      <Filter>Scene</Filter>
    </ClCompile>
    <ClCompile Include="Scene\Clear.cpp">
      <Filter>Scene</Filter>
    </ClCompile>
  </ItemGroup>
  <ItemGroup>
    <ClInclude Include="Scene\Scene.h">
      <Filter>Scene</Filter>
    </ClInclude>
    <ClInclude Include="Game\Game.h">
      <Filter>Game</Filter>
    </ClInclude>
    <ClInclude Include="Scene\Title.h">
      <Filter>Scene</Filter>
    </ClInclude>
    <ClInclude Include="etc\Vector2.h">
      <Filter>etc</Filter>
    </ClInclude>
    <ClInclude Include="Load\Loader.h">
      <Filter>Load</Filter>
    </ClInclude>
    <ClInclude Include="Touch\Touch.h">
      <Filter>Touch</Filter>
    </ClInclude>
    <ClInclude Include="etc\Typedef.h">
      <Filter>etc</Filter>
    </ClInclude>
    <ClInclude Include="Scene\Play.h">
      <Filter>Scene</Filter>
    </ClInclude>
    <ClInclude Include="Charactor\Obj.h">
      <Filter>Charactor</Filter>
    </ClInclude>
    <ClInclude Include="Charactor\Player\Player.h">
      <Filter>Charactor\Player</Filter>
    </ClInclude>
    <ClInclude Include="Scene\Description.h">
      <Filter>Scene</Filter>
    </ClInclude>
    <ClInclude Include="Scene\Over.h">
      <Filter>Scene</Filter>
    </ClInclude>
    <ClInclude Include="Scene\Clear.h">
      <Filter>Scene</Filter>
    </ClInclude>
  </ItemGroup>
</Project>