<?xml version="1.0" encoding="utf-8"?>
<Project ToolsVersion="4.0" xmlns="http://schemas.microsoft.com/developer/msbuild/2003">
  <ItemGroup>
    <FxCompile Include="Shader\Primitive.hlsl">
      <Filter>source</Filter>
    </FxCompile>
    <FxCompile Include="Shader\SoundEffect.hlsl">
      <Filter>source</Filter>
    </FxCompile>
    <FxCompile Include="Shader\Texture.hlsl">
      <Filter>source</Filter>
    </FxCompile>
  </ItemGroup>
  <ItemGroup>
    <ClCompile Include="Application\Application.cpp">
      <Filter>source</Filter>
    </ClCompile>
    <ClCompile Include="Camera\Camera.cpp">
      <Filter>source</Filter>
    </ClCompile>
    <ClCompile Include="Character\Character.cpp">
      <Filter>source</Filter>
    </ClCompile>
    <ClCompile Include="Compute\Compute.cpp">
      <Filter>source</Filter>
    </ClCompile>
    <ClCompile Include="Depth\Depth.cpp">
      <Filter>source</Filter>
    </ClCompile>
    <ClCompile Include="DescriptorMane\DescriptorMane.cpp">
      <Filter>source</Filter>
    </ClCompile>
    <ClCompile Include="Device\Device.cpp">
      <Filter>source</Filter>
    </ClCompile>
    <ClCompile Include="Compute\Effector.cpp">
      <Filter>source</Filter>
    </ClCompile>
    <ClCompile Include="Character\Enemy.cpp">
      <Filter>source</Filter>
    </ClCompile>
    <ClCompile Include="Character\Enemy1.cpp">
      <Filter>source</Filter>
    </ClCompile>
    <ClCompile Include="Character\EnemyMng.cpp">
      <Filter>source</Filter>
    </ClCompile>
    <ClCompile Include="Fence\Fence.cpp">
      <Filter>source</Filter>
    </ClCompile>
    <ClCompile Include="Sound\Filter\Filter.cpp">
      <Filter>source</Filter>
    </ClCompile>
    <ClCompile Include="etc\Func.cpp">
      <Filter>source</Filter>
    </ClCompile>
    <ClCompile Include="Game\Game.cpp">
      <Filter>source</Filter>
    </ClCompile>
    <ClCompile Include="Map\Ground.cpp">
      <Filter>source</Filter>
    </ClCompile>
    <ClCompile Include="Input\Input.cpp">
      <Filter>source</Filter>
    </ClCompile>
    <ClCompile Include="Item\Item.cpp">
      <Filter>source</Filter>
    </ClCompile>
    <ClCompile Include="Primitive\Line.cpp">
      <Filter>source</Filter>
    </ClCompile>
    <ClCompile Include="List\List.cpp">
      <Filter>source</Filter>
    </ClCompile>
    <ClCompile Include="Main.cpp">
      <Filter>source</Filter>
    </ClCompile>
    <ClCompile Include="Map\Map.cpp">
      <Filter>source</Filter>
    </ClCompile>
    <ClCompile Include="Scene\Over.cpp">
      <Filter>source</Filter>
    </ClCompile>
    <ClCompile Include="Pipe\Pipe.cpp">
      <Filter>source</Filter>
    </ClCompile>
    <ClCompile Include="Pipe\PipeMane.cpp">
      <Filter>source</Filter>
    </ClCompile>
    <ClCompile Include="Scene\Play.cpp">
      <Filter>source</Filter>
    </ClCompile>
    <ClCompile Include="Character\Player.cpp">
      <Filter>source</Filter>
    </ClCompile>
    <ClCompile Include="Primitive\Point.cpp">
      <Filter>source</Filter>
    </ClCompile>
    <ClCompile Include="Primitive\Primitive.cpp">
      <Filter>source</Filter>
    </ClCompile>
    <ClCompile Include="Queue\Queue.cpp">
      <Filter>source</Filter>
    </ClCompile>
    <ClCompile Include="Render\Render.cpp">
      <Filter>source</Filter>
    </ClCompile>
    <ClCompile Include="Scene\Result.cpp">
      <Filter>source</Filter>
    </ClCompile>
    <ClCompile Include="Root\Root.cpp">
      <Filter>source</Filter>
    </ClCompile>
    <ClCompile Include="Root\RootMane.cpp">
      <Filter>source</Filter>
    </ClCompile>
    <ClCompile Include="Scene\Scene.cpp">
      <Filter>source</Filter>
    </ClCompile>
    <ClCompile Include="Sound\Sound.cpp">
      <Filter>source</Filter>
    </ClCompile>
    <ClCompile Include="Sound\SoundFunc\SoundFunc.cpp">
      <Filter>source</Filter>
    </ClCompile>
    <ClCompile Include="Sound\SoundLoader\SoundLoader.cpp">
      <Filter>source</Filter>
    </ClCompile>
    <ClCompile Include="SoundMane\SoundMane.cpp">
      <Filter>source</Filter>
    </ClCompile>
    <ClCompile Include="Swap\Swap.cpp">
      <Filter>source</Filter>
    </ClCompile>
    <ClCompile Include="Texture\Texture.cpp">
      <Filter>source</Filter>
    </ClCompile>
    <ClCompile Include="Texture\TextureLoader.cpp">
      <Filter>source</Filter>
    </ClCompile>
    <ClCompile Include="Scene\Title.cpp">
      <Filter>source</Filter>
    </ClCompile>
    <ClCompile Include="Primitive\Triangle.cpp">
      <Filter>source</Filter>
    </ClCompile>
    <ClCompile Include="Union\Union.cpp">
      <Filter>source</Filter>
    </ClCompile>
    <ClCompile Include="Texture\WICTextureLoader12.cpp">
      <Filter>source</Filter>
    </ClCompile>
    <ClCompile Include="Window\Window.cpp">
      <Filter>source</Filter>
    </ClCompile>
    <ClCompile Include="Sound\XAudio2\XAudio2.cpp">
      <Filter>source</Filter>
    </ClCompile>
  </ItemGroup>
  <ItemGroup>
    <ClInclude Include="Application\Application.h">
      <Filter>source</Filter>
    </ClInclude>
    <ClInclude Include="Camera\Camera.h">
      <Filter>source</Filter>
    </ClInclude>
    <ClInclude Include="Character\Character.h">
      <Filter>source</Filter>
    </ClInclude>
    <ClInclude Include="Compute\Compute.h">
      <Filter>source</Filter>
    </ClInclude>
    <ClInclude Include="Depth\Depth.h">
      <Filter>source</Filter>
    </ClInclude>
    <ClInclude Include="DescriptorMane\DescriptorMane.h">
      <Filter>source</Filter>
    </ClInclude>
    <ClInclude Include="Sound\Destroy.h">
      <Filter>source</Filter>
    </ClInclude>
    <ClInclude Include="Device\Device.h">
      <Filter>source</Filter>
    </ClInclude>
    <ClInclude Include="Compute\Effector.h">
      <Filter>source</Filter>
    </ClInclude>
    <ClInclude Include="Character\Enemy.h">
      <Filter>source</Filter>
    </ClInclude>
    <ClInclude Include="Character\Enemy1.h">
      <Filter>source</Filter>
    </ClInclude>
    <ClInclude Include="Character\EnemyMng.h">
      <Filter>source</Filter>
    </ClInclude>
    <ClInclude Include="Fence\Fence.h">
      <Filter>source</Filter>
    </ClInclude>
    <ClInclude Include="Sound\Filter\Filter.h">
      <Filter>source</Filter>
    </ClInclude>
    <ClInclude Include="etc\Func.h">
      <Filter>source</Filter>
    </ClInclude>
    <ClInclude Include="Game\Game.h">
      <Filter>source</Filter>
    </ClInclude>
    <ClInclude Include="Map\Ground.h">
      <Filter>source</Filter>
    </ClInclude>
    <ClInclude Include="Window\Icon.h">
      <Filter>source</Filter>
    </ClInclude>
    <ClInclude Include="Input\Input.h">
      <Filter>source</Filter>
    </ClInclude>
    <ClInclude Include="Item\Item.h">
      <Filter>source</Filter>
    </ClInclude>
    <ClInclude Include="etc\KeyData.h">
      <Filter>source</Filter>
    </ClInclude>
    <ClInclude Include="Primitive\Line.h">
      <Filter>source</Filter>
    </ClInclude>
    <ClInclude Include="List\List.h">
      <Filter>source</Filter>
    </ClInclude>
    <ClInclude Include="Map\Map.h">
      <Filter>source</Filter>
    </ClInclude>
    <ClInclude Include="Scene\Over.h">
      <Filter>source</Filter>
    </ClInclude>
    <ClInclude Include="Pipe\Pipe.h">
      <Filter>source</Filter>
    </ClInclude>
    <ClInclude Include="Pipe\PipeMane.h">
      <Filter>source</Filter>
    </ClInclude>
    <ClInclude Include="Scene\Play.h">
      <Filter>source</Filter>
    </ClInclude>
    <ClInclude Include="Character\Player.h">
      <Filter>source</Filter>
    </ClInclude>
    <ClInclude Include="Primitive\Point.h">
      <Filter>source</Filter>
    </ClInclude>
    <ClInclude Include="Primitive\Primitive.h">
      <Filter>source</Filter>
    </ClInclude>
    <ClInclude Include="Queue\Queue.h">
      <Filter>source</Filter>
    </ClInclude>
    <ClInclude Include="etc\Release.h">
      <Filter>source</Filter>
    </ClInclude>
    <ClInclude Include="Render\Render.h">
      <Filter>source</Filter>
    </ClInclude>
    <ClInclude Include="Scene\Result.h">
      <Filter>source</Filter>
    </ClInclude>
    <ClInclude Include="Root\Root.h">
      <Filter>source</Filter>
    </ClInclude>
    <ClInclude Include="Root\RootMane.h">
      <Filter>source</Filter>
    </ClInclude>
    <ClInclude Include="Scene\Scene.h">
      <Filter>source</Filter>
    </ClInclude>
    <ClInclude Include="Sound\Sound.h">
      <Filter>source</Filter>
    </ClInclude>
    <ClInclude Include="Sound\SoundFunc\SoundFunc.h">
      <Filter>source</Filter>
    </ClInclude>
    <ClInclude Include="Sound\SoundLoader\SoundLoader.h">
      <Filter>source</Filter>
    </ClInclude>
    <ClInclude Include="SoundMane\SoundMane.h">
      <Filter>source</Filter>
    </ClInclude>
    <ClInclude Include="Swap\Swap.h">
      <Filter>source</Filter>
    </ClInclude>
    <ClInclude Include="Texture\Texture.h">
      <Filter>source</Filter>
    </ClInclude>
    <ClInclude Include="Texture\TextureLoader.h">
      <Filter>source</Filter>
    </ClInclude>
    <ClInclude Include="Scene\Title.h">
      <Filter>source</Filter>
    </ClInclude>
    <ClInclude Include="Primitive\Triangle.h">
      <Filter>source</Filter>
    </ClInclude>
    <ClInclude Include="etc\tString.h">
      <Filter>source</Filter>
    </ClInclude>
    <ClInclude Include="etc\Typedef.h">
      <Filter>source</Filter>
    </ClInclude>
    <ClInclude Include="Union\Union.h">
      <Filter>source</Filter>
    </ClInclude>
    <ClInclude Include="etc\Vector2.h">
      <Filter>source</Filter>
    </ClInclude>
    <ClInclude Include="Sound\XAudio2\VoiceCallback.h">
      <Filter>source</Filter>
    </ClInclude>
    <ClInclude Include="Texture\WICTextureLoader12.h">
      <Filter>source</Filter>
    </ClInclude>
    <ClInclude Include="Window\Window.h">
      <Filter>source</Filter>
    </ClInclude>
    <ClInclude Include="Sound\XAudio2\XAudio2.h">
      <Filter>source</Filter>
    </ClInclude>
  </ItemGroup>
  <ItemGroup>
    <Filter Include="source">
      <UniqueIdentifier>{3beec22f-0fd5-45e1-9119-fa56796d748e}</UniqueIdentifier>
    </Filter>
  </ItemGroup>
  <ItemGroup>
    <ResourceCompile Include="Window\Icon.rc">
      <Filter>source</Filter>
    </ResourceCompile>
  </ItemGroup>
  <ItemGroup>
    <Text Include="nsok_memo.txt">
      <Filter>source</Filter>
    </Text>
  </ItemGroup>
</Project>