<?xml version="1.0" encoding="utf-8"?>
<Project ToolsVersion="4.0" xmlns="http://schemas.microsoft.com/developer/msbuild/2003">
  <ItemGroup>
    <Filter Include="ソース ファイル">
      <UniqueIdentifier>{4FC737F1-C7A5-4376-A066-2A32D752A2FF}</UniqueIdentifier>
      <Extensions>cpp;c;cc;cxx;def;odl;idl;hpj;bat;asm;asmx</Extensions>
    </Filter>
    <Filter Include="ヘッダー ファイル">
      <UniqueIdentifier>{93995380-89BD-4b04-88EB-625FBE52EBFB}</UniqueIdentifier>
      <Extensions>h;hh;hpp;hxx;hm;inl;inc;ipp;xsd</Extensions>
    </Filter>
    <Filter Include="リソース ファイル">
      <UniqueIdentifier>{67DA6AB6-F800-4c08-8B7A-83BB121AAD01}</UniqueIdentifier>
      <Extensions>rc;ico;cur;bmp;dlg;rc2;rct;bin;rgs;gif;jpg;jpeg;jpe;resx;tiff;tif;png;wav;mfcribbon-ms</Extensions>
    </Filter>
    <Filter Include="Window">
      <UniqueIdentifier>{88fec489-e51c-42d1-863b-de4184b40566}</UniqueIdentifier>
    </Filter>
    <Filter Include="etc">
      <UniqueIdentifier>{cbf87d64-f8ee-4a8f-b491-c703b0b10da0}</UniqueIdentifier>
    </Filter>
    <Filter Include="Application">
      <UniqueIdentifier>{8b143278-c28b-4fa5-af7a-aa501083f9c9}</UniqueIdentifier>
    </Filter>
    <Filter Include="Union">
      <UniqueIdentifier>{6b7b5781-b00c-48df-8bfc-fc92c3823f95}</UniqueIdentifier>
    </Filter>
    <Filter Include="Device">
      <UniqueIdentifier>{e42f872b-2d19-4485-88f7-7721eb49765f}</UniqueIdentifier>
    </Filter>
    <Filter Include="Queue">
      <UniqueIdentifier>{6bfc4dbf-e772-4ad6-963e-8ab9da790e80}</UniqueIdentifier>
    </Filter>
    <Filter Include="List">
      <UniqueIdentifier>{9915d22c-5018-4a99-bdf6-bf3abef08078}</UniqueIdentifier>
    </Filter>
    <Filter Include="Swap">
      <UniqueIdentifier>{d9d1875b-4c55-4f91-90b2-875b7bb433ba}</UniqueIdentifier>
    </Filter>
    <Filter Include="Render">
      <UniqueIdentifier>{4215f542-c92f-40c0-8f82-a81d7782ce73}</UniqueIdentifier>
    </Filter>
    <Filter Include="Fence">
      <UniqueIdentifier>{dd51554e-c702-4f1e-b9f5-41a7b4497918}</UniqueIdentifier>
    </Filter>
    <Filter Include="Depth">
      <UniqueIdentifier>{db7ab169-6a3a-4c92-9f79-5b5736ec967c}</UniqueIdentifier>
    </Filter>
    <Filter Include="Input">
      <UniqueIdentifier>{82771ea7-1575-4ca9-92a6-9f766820c023}</UniqueIdentifier>
    </Filter>
    <Filter Include="DescriptorMane">
      <UniqueIdentifier>{8a9e1da1-f5d2-42fe-9f33-3e699996ba1f}</UniqueIdentifier>
    </Filter>
    <Filter Include="Texture">
      <UniqueIdentifier>{d6429587-db40-41ba-89c2-faf6626213d0}</UniqueIdentifier>
    </Filter>
    <Filter Include="Root">
      <UniqueIdentifier>{6c8245c5-428d-4c56-8520-34bc790db9d4}</UniqueIdentifier>
    </Filter>
    <Filter Include="Pipe">
      <UniqueIdentifier>{3a17e734-c982-4b5c-8bf6-bc6c43960bc9}</UniqueIdentifier>
    </Filter>
    <Filter Include="Sound">
      <UniqueIdentifier>{3cb0e648-28ec-4725-b657-c2144cb78169}</UniqueIdentifier>
    </Filter>
    <Filter Include="Sound\SoundLoader">
      <UniqueIdentifier>{d107f19a-ec8f-4fd6-acca-a1fb6a8b5ba1}</UniqueIdentifier>
    </Filter>
    <Filter Include="Sound\XAudio2">
      <UniqueIdentifier>{6e6761cf-2e6c-49cc-b453-6c37a67148f7}</UniqueIdentifier>
    </Filter>
    <Filter Include="Sound\SoundFunc">
      <UniqueIdentifier>{914fb0e9-6065-4159-9fc8-7e271227d5ce}</UniqueIdentifier>
    </Filter>
    <Filter Include="Effector">
      <UniqueIdentifier>{b2f3db8a-18d4-4b83-a4dd-43f4e734a602}</UniqueIdentifier>
    </Filter>
    <Filter Include="Primitive">
      <UniqueIdentifier>{9bf7056e-d5d5-493a-b88f-881d04486af2}</UniqueIdentifier>
    </Filter>
  </ItemGroup>
  <ItemGroup>
    <ClCompile Include="Window\Window.cpp">
      <Filter>Window</Filter>
    </ClCompile>
    <ClCompile Include="Application\Application.cpp">
      <Filter>Application</Filter>
    </ClCompile>
    <ClCompile Include="Main.cpp">
      <Filter>ソース ファイル</Filter>
    </ClCompile>
    <ClCompile Include="Union\Union.cpp">
      <Filter>Union</Filter>
    </ClCompile>
    <ClCompile Include="Device\Device.cpp">
      <Filter>Device</Filter>
    </ClCompile>
    <ClCompile Include="Queue\Queue.cpp">
      <Filter>Queue</Filter>
    </ClCompile>
    <ClCompile Include="List\List.cpp">
      <Filter>List</Filter>
    </ClCompile>
    <ClCompile Include="Swap\Swap.cpp">
      <Filter>Swap</Filter>
    </ClCompile>
    <ClCompile Include="Render\Render.cpp">
      <Filter>Render</Filter>
    </ClCompile>
    <ClCompile Include="Fence\Fence.cpp">
      <Filter>Fence</Filter>
    </ClCompile>
    <ClCompile Include="Depth\Depth.cpp">
      <Filter>Depth</Filter>
    </ClCompile>
    <ClCompile Include="etc\Func.cpp">
      <Filter>etc</Filter>
    </ClCompile>
    <ClCompile Include="Input\Input.cpp">
      <Filter>Input</Filter>
    </ClCompile>
    <ClCompile Include="DescriptorMane\DescriptorMane.cpp">
      <Filter>DescriptorMane</Filter>
    </ClCompile>
    <ClCompile Include="Texture\WICTextureLoader12.cpp">
      <Filter>Texture</Filter>
    </ClCompile>
    <ClCompile Include="Texture\Texture.cpp">
      <Filter>Texture</Filter>
    </ClCompile>
    <ClCompile Include="Texture\TextureLoader.cpp">
      <Filter>Texture</Filter>
    </ClCompile>
    <ClCompile Include="Root\RootMane.cpp">
      <Filter>Root</Filter>
    </ClCompile>
    <ClCompile Include="Root\Root.cpp">
      <Filter>Root</Filter>
    </ClCompile>
    <ClCompile Include="Pipe\PipeMane.cpp">
      <Filter>Pipe</Filter>
    </ClCompile>
    <ClCompile Include="Pipe\Pipe.cpp">
      <Filter>Pipe</Filter>
    </ClCompile>
    <ClCompile Include="Sound\Sound.cpp">
      <Filter>Sound</Filter>
    </ClCompile>
    <ClCompile Include="Sound\SoundLoader\SoundLoader.cpp">
      <Filter>Sound\SoundLoader</Filter>
    </ClCompile>
    <ClCompile Include="Sound\XAudio2\XAudio2.cpp">
      <Filter>Sound\XAudio2</Filter>
    </ClCompile>
    <ClCompile Include="Sound\SoundFunc\SoundFunc.cpp">
      <Filter>Sound\SoundFunc</Filter>
    </ClCompile>
    <ClCompile Include="Effector\Effector.cpp">
      <Filter>Effector</Filter>
    </ClCompile>
    <ClCompile Include="Primitive\Primitive.cpp">
      <Filter>Primitive</Filter>
    </ClCompile>
  </ItemGroup>
  <ItemGroup>
    <ClInclude Include="Window\Window.h">
      <Filter>Window</Filter>
    </ClInclude>
    <ClInclude Include="etc\tString.h">
      <Filter>etc</Filter>
    </ClInclude>
    <ClInclude Include="Window\Icon.h">
      <Filter>Window</Filter>
    </ClInclude>
    <ClInclude Include="Application\Application.h">
      <Filter>Application</Filter>
    </ClInclude>
    <ClInclude Include="Union\Union.h">
      <Filter>Union</Filter>
    </ClInclude>
    <ClInclude Include="Device\Device.h">
      <Filter>Device</Filter>
    </ClInclude>
    <ClInclude Include="etc\Release.h">
      <Filter>etc</Filter>
    </ClInclude>
    <ClInclude Include="Queue\Queue.h">
      <Filter>Queue</Filter>
    </ClInclude>
    <ClInclude Include="List\List.h">
      <Filter>List</Filter>
    </ClInclude>
    <ClInclude Include="Swap\Swap.h">
      <Filter>Swap</Filter>
    </ClInclude>
    <ClInclude Include="Render\Render.h">
      <Filter>Render</Filter>
    </ClInclude>
    <ClInclude Include="Fence\Fence.h">
      <Filter>Fence</Filter>
    </ClInclude>
    <ClInclude Include="Depth\Depth.h">
      <Filter>Depth</Filter>
    </ClInclude>
    <ClInclude Include="etc\Func.h">
      <Filter>etc</Filter>
    </ClInclude>
    <ClInclude Include="Input\Input.h">
      <Filter>Input</Filter>
    </ClInclude>
    <ClInclude Include="etc\KeyData.h">
      <Filter>etc</Filter>
    </ClInclude>
    <ClInclude Include="DescriptorMane\DescriptorMane.h">
      <Filter>DescriptorMane</Filter>
    </ClInclude>
    <ClInclude Include="Vector2.h">
      <Filter>etc</Filter>
    </ClInclude>
    <ClInclude Include="Texture\TextureLoader.h">
      <Filter>Texture</Filter>
    </ClInclude>
    <ClInclude Include="Texture\WICTextureLoader12.h">
      <Filter>Texture</Filter>
    </ClInclude>
    <ClInclude Include="Texture\Texture.h">
      <Filter>Texture</Filter>
    </ClInclude>
    <ClInclude Include="Root\RootMane.h">
      <Filter>Root</Filter>
    </ClInclude>
    <ClInclude Include="Root\Root.h">
      <Filter>Root</Filter>
    </ClInclude>
    <ClInclude Include="Pipe\PipeMane.h">
      <Filter>Pipe</Filter>
    </ClInclude>
    <ClInclude Include="Pipe\Pipe.h">
      <Filter>Pipe</Filter>
    </ClInclude>
    <ClInclude Include="Sound\Sound.h">
      <Filter>Sound</Filter>
    </ClInclude>
    <ClInclude Include="Sound\Destroy.h">
      <Filter>Sound</Filter>
    </ClInclude>
    <ClInclude Include="Sound\SoundLoader\SoundLoader.h">
      <Filter>Sound\SoundLoader</Filter>
    </ClInclude>
    <ClInclude Include="Sound\XAudio2\XAudio2.h">
      <Filter>Sound\XAudio2</Filter>
    </ClInclude>
    <ClInclude Include="Sound\XAudio2\VoiceCallback.h">
      <Filter>Sound\XAudio2</Filter>
    </ClInclude>
    <ClInclude Include="Sound\SoundFunc\SoundFunc.h">
      <Filter>Sound\SoundFunc</Filter>
    </ClInclude>
    <ClInclude Include="Effector\Effector.h">
      <Filter>Effector</Filter>
    </ClInclude>
    <ClInclude Include="Primitive\Primitive.h">
      <Filter>Primitive</Filter>
    </ClInclude>
  </ItemGroup>
  <ItemGroup>
    <ResourceCompile Include="Window\Icon.rc">
      <Filter>Window</Filter>
    </ResourceCompile>
  </ItemGroup>
  <ItemGroup>
    <FxCompile Include="Shader\Texture.hlsl">
      <Filter>リソース ファイル</Filter>
    </FxCompile>
    <FxCompile Include="Shader\Effect.hlsl">
      <Filter>リソース ファイル</Filter>
    </FxCompile>
  </ItemGroup>
</Project>