<?xml version="1.0" encoding="utf-8"?>
<Project ToolsVersion="4.0" xmlns="http://schemas.microsoft.com/developer/msbuild/2003">
  <ItemGroup>
    <Filter Include="リソース ファイル">
      <UniqueIdentifier>{67DA6AB6-F800-4c08-8B7A-83BB121AAD01}</UniqueIdentifier>
      <Extensions>rc;ico;cur;bmp;dlg;rc2;rct;bin;rgs;gif;jpg;jpeg;jpe;resx;tiff;tif;png;wav;mfcribbon-ms</Extensions>
    </Filter>
    <Filter Include="Main">
      <UniqueIdentifier>{667c9aed-904d-4afc-ae5c-4bb01b6be7b6}</UniqueIdentifier>
    </Filter>
    <Filter Include="Scene">
      <UniqueIdentifier>{c16e3324-0168-4ab2-b8e2-b80e4a576d81}</UniqueIdentifier>
    </Filter>
    <Filter Include="Game">
      <UniqueIdentifier>{bcda946a-4572-4c39-a4c4-c9df78cd4871}</UniqueIdentifier>
    </Filter>
    <Filter Include="etc">
      <UniqueIdentifier>{89b390d9-89b9-4e00-9172-74beeb864a3d}</UniqueIdentifier>
    </Filter>
    <Filter Include="Load">
      <UniqueIdentifier>{146012b6-694d-48bd-be6b-c006066b239d}</UniqueIdentifier>
    </Filter>
    <Filter Include="Touch">
      <UniqueIdentifier>{bb484f8e-0245-41dc-99c6-5f2bf3c681af}</UniqueIdentifier>
    </Filter>
    <Filter Include="Charactor">
      <UniqueIdentifier>{217df511-244e-4770-bfcc-62201f25b808}</UniqueIdentifier>
    </Filter>
    <Filter Include="Charactor\Player">
      <UniqueIdentifier>{15f3bbb1-b745-40c7-bd43-0cbd1508496c}</UniqueIdentifier>
    </Filter>
  </ItemGroup>
  <ItemGroup>
    <ClCompile Include="..\..\Android\Android1\Android1.NativeActivity\Main.cpp">
      <Filter>Main</Filter>
    </ClCompile>
    <ClCompile Include="..\..\Android\Android1\Android1.NativeActivity\Game\Game.cpp">
      <Filter>Game</Filter>
    </ClCompile>
    <ClCompile Include="..\..\Android\Android1\Android1.NativeActivity\Scene\Title.cpp">
      <Filter>Scene</Filter>
    </ClCompile>
    <ClCompile Include="..\..\Android\Android1\Android1.NativeActivity\Load\Loader.cpp">
      <Filter>Load</Filter>
    </ClCompile>
    <ClCompile Include="..\..\Android\Android1\Android1.NativeActivity\Touch\Touch.cpp">
      <Filter>Touch</Filter>
    </ClCompile>
    <ClCompile Include="..\..\Android\Android1\Android1.NativeActivity\Scene\Play.cpp">
      <Filter>Scene</Filter>
    </ClCompile>
    <ClCompile Include="..\..\Android\Android1\Android1.NativeActivity\Charactor\Obj.cpp">
      <Filter>Charactor</Filter>
    </ClCompile>
    <ClCompile Include="..\..\Android\Android1\Android1.NativeActivity\Charactor\Player\Player.cpp">
      <Filter>Charactor\Player</Filter>
    </ClCompile>
    <ClCompile Include="..\..\Android\Android1\Android1.NativeActivity\Scene\Scene.cpp">
      <Filter>Scene</Filter>
    </ClCompile>
    <ClCompile Include="..\..\Android\Android1\Android1.NativeActivity\Scene\Description.cpp">
      <Filter>Scene</Filter>
    </ClCompile>
    <ClCompile Include="..\..\Android\Android1\Android1.NativeActivity\Scene\Over.cpp">
      <Filter>Scene</Filter>
    </ClCompile>
    <ClCompile Include="..\..\Android\Android1\Android1.NativeActivity\Scene\Clear.cpp">
      <Filter>Scene</Filter>
    </ClCompile>
  </ItemGroup>
  <ItemGroup>
    <ClInclude Include="..\..\Android\Android1\Android1.NativeActivity\Game\Game.h">
      <Filter>Game</Filter>
    </ClInclude>
    <ClInclude Include="..\..\Android\Android1\Android1.NativeActivity\Scene\Scene.h">
      <Filter>Scene</Filter>
    </ClInclude>
    <ClInclude Include="..\..\Android\Android1\Android1.NativeActivity\Scene\Title.h">
      <Filter>Scene</Filter>
    </ClInclude>
    <ClInclude Include="..\..\Android\Android1\Android1.NativeActivity\etc\Typedef.h">
      <Filter>etc</Filter>
    </ClInclude>
    <ClInclude Include="..\..\Android\Android1\Android1.NativeActivity\etc\Vector2.h">
      <Filter>etc</Filter>
    </ClInclude>
    <ClInclude Include="..\..\Android\Android1\Android1.NativeActivity\Load\Loader.h">
      <Filter>Load</Filter>
    </ClInclude>
    <ClInclude Include="..\..\Android\Android1\Android1.NativeActivity\Touch\Touch.h">
      <Filter>Touch</Filter>
    </ClInclude>
    <ClInclude Include="..\..\Android\Android1\Android1.NativeActivity\Scene\Play.h">
      <Filter>Scene</Filter>
    </ClInclude>
    <ClInclude Include="..\..\Android\Android1\Android1.NativeActivity\Charactor\Obj.h">
      <Filter>Charactor</Filter>
    </ClInclude>
    <ClInclude Include="..\..\Android\Android1\Android1.NativeActivity\Charactor\Player\Player.h">
      <Filter>Charactor\Player</Filter>
    </ClInclude>
    <ClInclude Include="..\..\Android\Android1\Android1.NativeActivity\Scene\Description.h">
      <Filter>Scene</Filter>
    </ClInclude>
    <ClInclude Include="..\..\Android\Android1\Android1.NativeActivity\Scene\Over.h">
      <Filter>Scene</Filter>
    </ClInclude>
    <ClInclude Include="..\..\Android\Android1\Android1.NativeActivity\Scene\Clear.h">
      <Filter>Scene</Filter>
    </ClInclude>
  </ItemGroup>
</Project>